
Microsoft Visual Studio Solution File, Format Version 12.00
# Visual Studio Version 16
VisualStudioVersion = 16.0.31112.23
MinimumVisualStudioVersion = 10.0.40219.1
Project("{9A19103F-16F7-4668-BE54-9A1E7A4F7556}") = "KampIntro", "KampIntro\KampIntro.csproj", "{EFF2D8C0-95EA-4148-8AC7-9D11375BB4A4}"
EndProject
Project("{9A19103F-16F7-4668-BE54-9A1E7A4F7556}") = "Donguler", "Donguler\Donguler.csproj", "{6290753C-8897-4F57-8C56-A874277B094C}"
EndProject
Project("{9A19103F-16F7-4668-BE54-9A1E7A4F7556}") = "ClassIntro", "ClassIntro\ClassIntro.csproj", "{7C0427B1-B8A8-44ED-93EA-6DC5BC13BB4D}"
EndProject
Project("{9A19103F-16F7-4668-BE54-9A1E7A4F7556}") = "Metotlar", "Metotlar\Metotlar.csproj", "{9E00FBA1-8ADA-4E15-ADBA-A75E37C2A8CE}"
EndProject
Project("{9A19103F-16F7-4668-BE54-9A1E7A4F7556}") = "Matematik", "Matematik\Matematik.csproj", "{A0A30814-CBD4-4EF6-87DC-EE2ECB48CD1E}"
EndProject
Project("{FAE04EC0-301F-11D3-BF4B-00C04F79EFBC}") = "DegerVeReferansTipler", "DegerVeReferansTipler\DegerVeReferansTipler.csproj", "{E95CE9EE-B1BE-40BA-B768-726190D842C6}"
EndProject
Global
	GlobalSection(SolutionConfigurationPlatforms) = preSolution
		Debug|Any CPU = Debug|Any CPU
		Release|Any CPU = Release|Any CPU
	EndGlobalSection
	GlobalSection(ProjectConfigurationPlatforms) = postSolution
		{EFF2D8C0-95EA-4148-8AC7-9D11375BB4A4}.Debug|Any CPU.ActiveCfg = Debug|Any CPU
		{EFF2D8C0-95EA-4148-8AC7-9D11375BB4A4}.Debug|Any CPU.Build.0 = Debug|Any CPU
		{EFF2D8C0-95EA-4148-8AC7-9D11375BB4A4}.Release|Any CPU.ActiveCfg = Release|Any CPU
		{EFF2D8C0-95EA-4148-8AC7-9D11375BB4A4}.Release|Any CPU.Build.0 = Release|Any CPU
		{6290753C-8897-4F57-8C56-A874277B094C}.Debug|Any CPU.ActiveCfg = Debug|Any CPU
		{6290753C-8897-4F57-8C56-A874277B094C}.Debug|Any CPU.Build.0 = Debug|Any CPU
		{6290753C-8897-4F57-8C56-A874277B094C}.Release|Any CPU.ActiveCfg = Release|Any CPU
		{6290753C-8897-4F57-8C56-A874277B094C}.Release|Any CPU.Build.0 = Release|Any CPU
		{7C0427B1-B8A8-44ED-93EA-6DC5BC13BB4D}.Debug|Any CPU.ActiveCfg = Debug|Any CPU
		{7C0427B1-B8A8-44ED-93EA-6DC5BC13BB4D}.Debug|Any CPU.Build.0 = Debug|Any CPU
		{7C0427B1-B8A8-44ED-93EA-6DC5BC13BB4D}.Release|Any CPU.ActiveCfg = Release|Any CPU
		{7C0427B1-B8A8-44ED-93EA-6DC5BC13BB4D}.Release|Any CPU.Build.0 = Release|Any CPU
		{9E00FBA1-8ADA-4E15-ADBA-A75E37C2A8CE}.Debug|Any CPU.ActiveCfg = Debug|Any CPU
		{9E00FBA1-8ADA-4E15-ADBA-A75E37C2A8CE}.Debug|Any CPU.Build.0 = Debug|Any CPU
		{9E00FBA1-8ADA-4E15-ADBA-A75E37C2A8CE}.Release|Any CPU.ActiveCfg = Release|Any CPU
		{9E00FBA1-8ADA-4E15-ADBA-A75E37C2A8CE}.Release|Any CPU.Build.0 = Release|Any CPU
		{A0A30814-CBD4-4EF6-87DC-EE2ECB48CD1E}.Debug|Any CPU.ActiveCfg = Debug|Any CPU
		{A0A30814-CBD4-4EF6-87DC-EE2ECB48CD1E}.Debug|Any CPU.Build.0 = Debug|Any CPU
		{A0A30814-CBD4-4EF6-87DC-EE2ECB48CD1E}.Release|Any CPU.ActiveCfg = Release|Any CPU
		{A0A30814-CBD4-4EF6-87DC-EE2ECB48CD1E}.Release|Any CPU.Build.0 = Release|Any CPU
		{E95CE9EE-B1BE-40BA-B768-726190D842C6}.Debug|Any CPU.ActiveCfg = Debug|Any CPU
		{E95CE9EE-B1BE-40BA-B768-726190D842C6}.Debug|Any CPU.Build.0 = Debug|Any CPU
		{E95CE9EE-B1BE-40BA-B768-726190D842C6}.Release|Any CPU.ActiveCfg = Release|Any CPU
		{E95CE9EE-B1BE-40BA-B768-726190D842C6}.Release|Any CPU.Build.0 = Release|Any CPU
	EndGlobalSection
	GlobalSection(SolutionProperties) = preSolution
		HideSolutionNode = FALSE
	EndGlobalSection
	GlobalSection(ExtensibilityGlobals) = postSolution
		SolutionGuid = {895C9243-75AE-43A4-A3B5-4CDA3E2127D5}
	EndGlobalSection
EndGlobal
